Microsoft Visual Studio Solution File, Format Version 12.00
# Visual Studio Version 17
VisualStudioVersion = 17.5.2.0
MinimumVisualStudioVersion = 10.0.40219.1
Project("{FAE04EC0-301F-11D3-BF4B-00C04F79EFBC}") = "CalculatorLib.Tests", "CalculatorLib.Tests.csproj", "{29F717BF-4C88-E8BB-0459-A3AA37A69BF0}"
EndProject
Global
	GlobalSection(SolutionConfigurationPlatforms) = preSolution
		Debug|Any CPU = Debug|Any CPU
		Release|Any CPU = Release|Any CPU
	EndGlobalSection
	GlobalSection(ProjectConfigurationPlatforms) = postSolution
		{29F717BF-4C88-E8BB-0459-A3AA37A69BF0}.Debug|Any CPU.ActiveCfg = Debug|Any CPU
		{29F717BF-4C88-E8BB-0459-A3AA37A69BF0}.Debug|Any CPU.Build.0 = Debug|Any CPU
		{29F717BF-4C88-E8BB-0459-A3AA37A69BF0}.Release|Any CPU.ActiveCfg = Release|Any CPU
		{29F717BF-4C88-E8BB-0459-A3AA37A69BF0}.Release|Any CPU.Build.0 = Release|Any CPU
	EndGlobalSection
	GlobalSection(SolutionProperties) = preSolution
		HideSolutionNode = FALSE
	EndGlobalSection
	GlobalSection(ExtensibilityGlobals) = postSolution
		SolutionGuid = {6D2994A6-C826-4C36-89A5-389CFB82500A}
	EndGlobalSection
EndGlobal
